// !$*UTF8*$!
{
	archiveVersion = 1;
	classes = {
	};
	objectVersion = 46;
	objects = {

/* Begin PBXFileReference section */
		B573913F1EE59B8700ACF25E /* __init__.py */ = {isa = PBXFileReference; lastKnownFileType = text.script.python; path = __init__.py; sourceTree = "<group>"; };
		B57391401EE59B9200ACF25E /* algorithms */ = {isa = PBXFileReference; lastKnownFileType = folder; path = algorithms; sourceTree = "<group>"; };
		B57391411EE59B9200ACF25E /* main.py */ = {isa = PBXFileReference; lastKnownFileType = text.script.python; path = main.py; sourceTree = "<group>"; };
		B57391421EE59B9200ACF25E /* Makefile */ = {isa = PBXFileReference; lastKnownFileType = sourcecode.make; path = Makefile; sourceTree = "<group>"; };
		B57391431EE59B9200ACF25E /* radarkit.py */ = {isa = PBXFileReference; lastKnownFileType = text.script.python; path = radarkit.py; sourceTree = "<group>"; };
		B57391441EE59B9200ACF25E /* README.md */ = {isa = PBXFileReference; lastKnownFileType = net.daringfireball.markdown; path = README.md; sourceTree = "<group>"; };
		B57391451EE59B9200ACF25E /* rkstruct.c */ = {isa = PBXFileReference; lastKnownFileType = sourcecode.c.c; path = rkstruct.c; sourceTree = "<group>"; };
		B57391461EE59B9200ACF25E /* setup.py */ = {isa = PBXFileReference; lastKnownFileType = text.script.python; path = setup.py; sourceTree = "<group>"; };
/* End PBXFileReference section */

/* Begin PBXGroup section */
		B57391381EE5987900ACF25E = {
			isa = PBXGroup;
			children = (
				B57391441EE59B9200ACF25E /* README.md */,
				B57391421EE59B9200ACF25E /* Makefile */,
				B573913F1EE59B8700ACF25E /* __init__.py */,
				B57391411EE59B9200ACF25E /* main.py */,
				B57391431EE59B9200ACF25E /* radarkit.py */,
				B57391451EE59B9200ACF25E /* rkstruct.c */,
				B57391461EE59B9200ACF25E /* setup.py */,
				B57391401EE59B9200ACF25E /* algorithms */,
			);
			sourceTree = "<group>";
		};
/* End PBXGroup section */

/* Begin PBXProject section */
		B57391391EE5987900ACF25E /* Project object */ = {
			isa = PBXProject;
			attributes = {
				LastUpgradeCheck = 0830;
			};
			buildConfigurationList = B573913C1EE5987900ACF25E /* Build configuration list for PBXProject "PyRadarKit" */;
			compatibilityVersion = "Xcode 3.2";
			developmentRegion = English;
			hasScannedForEncodings = 0;
			knownRegions = (
				en,
			);
			mainGroup = B57391381EE5987900ACF25E;
			projectDirPath = "";
			projectRoot = "";
			targets = (
			);
		};
/* End PBXProject section */

/* Begin XCBuildConfiguration section */
		B573913D1EE5987900ACF25E /* Debug */ = {
			isa = XCBuildConfiguration;
			buildSettings = {
			};
			name = Debug;
		};
		B573913E1EE5987900ACF25E /* Release */ = {
			isa = XCBuildConfiguration;
			buildSettings = {
			};
			name = Release;
		};
/* End XCBuildConfiguration section */

/* Begin XCConfigurationList section */
		B573913C1EE5987900ACF25E /* Build configuration list for PBXProject "PyRadarKit" */ = {
			isa = XCConfigurationList;
			buildConfigurations = (
				B573913D1EE5987900ACF25E /* Debug */,
				B573913E1EE5987900ACF25E /* Release */,
			);
			defaultConfigurationIsVisible = 0;
			defaultConfigurationName = Release;
		};
/* End XCConfigurationList section */
	};
	rootObject = B57391391EE5987900ACF25E /* Project object */;
}
